
Microsoft Visual Studio Solution File, Format Version 12.00
# Visual Studio 15
VisualStudioVersion = 15.0.27428.2015
MinimumVisualStudioVersion = 10.0.40219.1
Project("{FAE04EC0-301F-11D3-BF4B-00C04F79EFBC}") = "SpreadsheetToSQL", "SpreadsheetToSQL\SpreadsheetToSQL.csproj", "{2E5E51B9-4C72-4D0B-B986-F2E09ED7F281}"
EndProject
Global
	GlobalSection(SolutionConfigurationPlatforms) = preSolution
		Debug|Any CPU = Debug|Any CPU
		Release|Any CPU = Release|Any CPU
	EndGlobalSection
	GlobalSection(ProjectConfigurationPlatforms) = postSolution
		{2E5E51B9-4C72-4D0B-B986-F2E09ED7F281}.Debug|Any CPU.ActiveCfg = Debug|Any CPU
		{2E5E51B9-4C72-4D0B-B986-F2E09ED7F281}.Debug|Any CPU.Build.0 = Debug|Any CPU
		{2E5E51B9-4C72-4D0B-B986-F2E09ED7F281}.Release|Any CPU.ActiveCfg = Release|Any CPU
		{2E5E51B9-4C72-4D0B-B986-F2E09ED7F281}.Release|Any CPU.Build.0 = Release|Any CPU
	EndGlobalSection
	GlobalSection(SolutionProperties) = preSolution
		HideSolutionNode = FALSE
	EndGlobalSection
	GlobalSection(ExtensibilityGlobals) = postSolution
		SolutionGuid = {BA6761E2-0B61-485D-B2B8-48ED1C6EB336}
	EndGlobalSection
EndGlobal
